<Solution>
  <Folder Name="/benchmarks/">
    <Project Path="benchmarks/SemanticTypeModel.Benchmarks/SemanticTypeModel.Benchmarks.csproj" />
  </Folder>
  <Folder Name="/src/">
    <Project Path="src/SemanticTypeModel.Abstractions/SemanticTypeModel.Abstractions.csproj" />
    <Project Path="src/SemanticTypeModel.Core/SemanticTypeModel.Core.csproj" />
    <Project Path="src/SemanticTypeModel.DependencyInjection/SemanticTypeModel.DependencyInjection.csproj" />
    <Project Path="src/SemanticTypeModel.DotNet/SemanticTypeModel.DotNet.csproj" />
    <Project Path="src/SemanticTypeModel.Generators/SemanticTypeModel.Generators.csproj" />
    <Project Path="src/SemanticTypeModel.JsonSchema/SemanticTypeModel.JsonSchema.csproj" />
    <Project Path="src/SemanticTypeModel.EFCore/SemanticTypeModel.EFCore.csproj" />
    <Project Path="src/SemanticTypeModel.EFCore.Generators/SemanticTypeModel.EFCore.Generators.csproj" />
    <Project Path="src/SemanticTypeModel.PowerBI/SemanticTypeModel.PowerBI.csproj" />
    <Project Path="src/SemanticTypeModel.SystemTextJson/SemanticTypeModel.SystemTextJson.csproj" />
    <Project Path="src/SemanticTypeModel.Configuration/SemanticTypeModel.Configuration.csproj" />
  </Folder>
  <Folder Name="/eng/">
    <Project Path="eng/Engineering.Commands/Engineering.Commands.csproj" />
  </Folder>
  <Folder Name="/tests/" />
  <Folder Name="/tests/fixtures/">
    <Project Path="tests/fixtures/SemanticTypeModel.EFCoreModelShapes/SemanticTypeModel.EFCoreModelShapes.csproj" />
    <Project Path="tests/fixtures/SemanticTypeModel.M0060.ModelA/SemanticTypeModel.M0060.ModelA.csproj" />
    <Project Path="tests/fixtures/SemanticTypeModel.M0060.ModelB/SemanticTypeModel.M0060.ModelB.csproj" />
    <Project Path="tests/fixtures/SemanticTypeModel.RealWorldFixtures/SemanticTypeModel.RealWorldFixtures.csproj" />
  </Folder>
  <Folder Name="/tests/integration/">
    <Project Path="tests/integration/SemanticTypeModel.EFCore.Tests.Integration/SemanticTypeModel.EFCore.Tests.Integration.csproj" />
  </Folder>
  <Folder Name="/tests/unit/">
    <Project Path="tests/unit/SemanticTypeModel.Core.Tests.Unit/SemanticTypeModel.Core.Tests.Unit.csproj" />
    <Project Path="tests/unit/SemanticTypeModel.DependencyInjection.Tests.Unit/SemanticTypeModel.DependencyInjection.Tests.Unit.csproj" />
    <Project Path="tests/unit/SemanticTypeModel.DotNet.Tests.Unit/SemanticTypeModel.DotNet.Tests.Unit.csproj" />
    <Project Path="tests/unit/SemanticTypeModel.Generators.Tests.Unit/SemanticTypeModel.Generators.Tests.Unit.csproj" />
    <Project Path="tests/unit/SemanticTypeModel.JsonSchema.Tests.Unit/SemanticTypeModel.JsonSchema.Tests.Unit.csproj" />
    <Project Path="tests/unit/SemanticTypeModel.EFCore.Tests.Unit/SemanticTypeModel.EFCore.Tests.Unit.csproj" />
    <Project Path="tests/unit/SemanticTypeModel.EFCore.Generators.Tests.Unit/SemanticTypeModel.EFCore.Generators.Tests.Unit.csproj" />
    <Project Path="tests/unit/SemanticTypeModel.PowerBI.Tests.Unit/SemanticTypeModel.PowerBI.Tests.Unit.csproj" />
    <Project Path="tests/unit/SemanticTypeModel.SystemTextJson.Tests.Unit/SemanticTypeModel.SystemTextJson.Tests.Unit.csproj" />
    <Project Path="tests/unit/SemanticTypeModel.Configuration.Tests.Unit/SemanticTypeModel.Configuration.Tests.Unit.csproj" />
    <Project Path="tests/unit/SemanticTypeModel.Engineering.Tests.Unit/SemanticTypeModel.Engineering.Tests.Unit.csproj" />
  </Folder>
</Solution>
